
Microsoft Visual Studio Solution File, Format Version 12.00
# Visual Studio 14
VisualStudioVersion = 14.0.25420.1
MinimumVisualStudioVersion = 10.0.40219.1
Project("{FAE04EC0-301F-11D3-BF4B-00C04F79EFBC}") = "TrabalhoFinal.Infraestrutura", "TrabalhoFinal.Infraestrutura\TrabalhoFinal.Infraestrutura.csproj", "{F278BEDF-64A9-414C-B08E-6227206CA5A1}"
EndProject
Project("{FAE04EC0-301F-11D3-BF4B-00C04F79EFBC}") = "TrabalhoFinal.API", "TrabalhoFinal.API\TrabalhoFinal.API.csproj", "{5AB23792-75A5-47D5-BA8D-DB5866B8AD5E}"
EndProject
Project("{FAE04EC0-301F-11D3-BF4B-00C04F79EFBC}") = "TrabalhoFinal.Dominio", "TrabalhoFinal.Dominio\TrabalhoFinal.Dominio.csproj", "{8BD178A6-8ADD-4B3D-A6FC-51E591ADA9B7}"
EndProject
Global
	GlobalSection(SolutionConfigurationPlatforms) = preSolution
		Debug|Any CPU = Debug|Any CPU
		Release|Any CPU = Release|Any CPU
	EndGlobalSection
	GlobalSection(ProjectConfigurationPlatforms) = postSolution
		{F278BEDF-64A9-414C-B08E-6227206CA5A1}.Debug|Any CPU.ActiveCfg = Debug|Any CPU
		{F278BEDF-64A9-414C-B08E-6227206CA5A1}.Debug|Any CPU.Build.0 = Debug|Any CPU
		{F278BEDF-64A9-414C-B08E-6227206CA5A1}.Release|Any CPU.ActiveCfg = Release|Any CPU
		{F278BEDF-64A9-414C-B08E-6227206CA5A1}.Release|Any CPU.Build.0 = Release|Any CPU
		{5AB23792-75A5-47D5-BA8D-DB5866B8AD5E}.Debug|Any CPU.ActiveCfg = Debug|Any CPU
		{5AB23792-75A5-47D5-BA8D-DB5866B8AD5E}.Debug|Any CPU.Build.0 = Debug|Any CPU
		{5AB23792-75A5-47D5-BA8D-DB5866B8AD5E}.Release|Any CPU.ActiveCfg = Release|Any CPU
		{5AB23792-75A5-47D5-BA8D-DB5866B8AD5E}.Release|Any CPU.Build.0 = Release|Any CPU
		{8BD178A6-8ADD-4B3D-A6FC-51E591ADA9B7}.Debug|Any CPU.ActiveCfg = Debug|Any CPU
		{8BD178A6-8ADD-4B3D-A6FC-51E591ADA9B7}.Debug|Any CPU.Build.0 = Debug|Any CPU
		{8BD178A6-8ADD-4B3D-A6FC-51E591ADA9B7}.Release|Any CPU.ActiveCfg = Release|Any CPU
		{8BD178A6-8ADD-4B3D-A6FC-51E591ADA9B7}.Release|Any CPU.Build.0 = Release|Any CPU
	EndGlobalSection
	GlobalSection(SolutionProperties) = preSolution
		HideSolutionNode = FALSE
	EndGlobalSection
EndGlobal
